// !$*UTF8*$!
{
	archiveVersion = 1;
	classes = {
	};
	objectVersion = 56;
	objects = {

/* Begin PBXBuildFile section */
		7140035B2CC7425C007D5DA2 /* heartbeatzapp Watch App.app in Embed Watch Content */ = {isa = PBXBuildFile; fileRef = 7140035A2CC7425C007D5DA2 /* heartbeatzapp Watch App.app */; settings = {ATTRIBUTES = (RemoveHeadersOnCopy, ); }; };
		714003602CC7425C007D5DA2 /* heartbeatzappApp.swift in Sources */ = {isa = PBXBuildFile; fileRef = 7140035F2CC7425C007D5DA2 /* heartbeatzappApp.swift */; };
		714003622CC7425C007D5DA2 /* ContentView.swift in Sources */ = {isa = PBXBuildFile; fileRef = 714003612CC7425C007D5DA2 /* ContentView.swift */; };
		714003642CC7425E007D5DA2 /* Assets.xcassets in Resources */ = {isa = PBXBuildFile; fileRef = 714003632CC7425E007D5DA2 /* Assets.xcassets */; };
		714003672CC7425E007D5DA2 /* Preview Assets.xcassets in Resources */ = {isa = PBXBuildFile; fileRef = 714003662CC7425E007D5DA2 /* Preview Assets.xcassets */; };
		714003782CC74382007D5DA2 /* HealthKitManager.swift in Sources */ = {isa = PBXBuildFile; fileRef = 714003772CC74382007D5DA2 /* HealthKitManager.swift */; };
		7140037A2CC743F7007D5DA2 /* HeartRateManager.swift in Sources */ = {isa = PBXBuildFile; fileRef = 714003792CC743F7007D5DA2 /* HeartRateManager.swift */; };
		7140037C2CC74414007D5DA2 /* HeartRateModel.swift in Sources */ = {isa = PBXBuildFile; fileRef = 7140037B2CC74414007D5DA2 /* HeartRateModel.swift */; };
		7140037E2CC7442D007D5DA2 /* HeartRateViewModel.swift in Sources */ = {isa = PBXBuildFile; fileRef = 7140037D2CC7442D007D5DA2 /* HeartRateViewModel.swift */; };
		714003802CC7444E007D5DA2 /* HeartRateView.swift in Sources */ = {isa = PBXBuildFile; fileRef = 7140037F2CC7444E007D5DA2 /* HeartRateView.swift */; };
		71557CFD2CD4050600AE18A1 /* heatbeatziPhoneApp.swift in Sources */ = {isa = PBXBuildFile; fileRef = 71557CFC2CD4050600AE18A1 /* heatbeatziPhoneApp.swift */; };
		71557CFF2CD4050600AE18A1 /* ContentView.swift in Sources */ = {isa = PBXBuildFile; fileRef = 71557CFE2CD4050600AE18A1 /* ContentView.swift */; };
		71557D012CD4050700AE18A1 /* Assets.xcassets in Resources */ = {isa = PBXBuildFile; fileRef = 71557D002CD4050700AE18A1 /* Assets.xcassets */; };
		71557D042CD4050700AE18A1 /* Preview Assets.xcassets in Resources */ = {isa = PBXBuildFile; fileRef = 71557D032CD4050700AE18A1 /* Preview Assets.xcassets */; };
		71557D182CD413BA00AE18A1 /* PhoneSessionDelegate.swift in Sources */ = {isa = PBXBuildFile; fileRef = 71557D172CD413BA00AE18A1 /* PhoneSessionDelegate.swift */; };
		71557D1B2CD4146900AE18A1 /* HeartRateView.swift in Sources */ = {isa = PBXBuildFile; fileRef = 71557D1A2CD4146900AE18A1 /* HeartRateView.swift */; };
		71557D222CD414D300AE18A1 /* HeartRateModel.swift in Sources */ = {isa = PBXBuildFile; fileRef = 71557D212CD414D300AE18A1 /* HeartRateModel.swift */; };
		71557D252CD414F500AE18A1 /* HeartRateManager.swift in Sources */ = {isa = PBXBuildFile; fileRef = 71557D242CD414F500AE18A1 /* HeartRateManager.swift */; };
		71557D272CD4153400AE18A1 /* HeartRateViewModel.swift in Sources */ = {isa = PBXBuildFile; fileRef = 71557D262CD4153400AE18A1 /* HeartRateViewModel.swift */; };
		F45CE01F2CD06B5F007C0173 /* SocketIO in Frameworks */ = {isa = PBXBuildFile; productRef = F45CE01E2CD06B5F007C0173 /* SocketIO */; };
		F45CE0212CD06BA0007C0173 /* Socket.swift in Sources */ = {isa = PBXBuildFile; fileRef = F45CE0202CD06B9A007C0173 /* Socket.swift */; };
/* End PBXBuildFile section */

/* Begin PBXContainerItemProxy section */
		7140035C2CC7425C007D5DA2 /* PBXContainerItemProxy */ = {
			isa = PBXContainerItemProxy;
			containerPortal = 7140034E2CC7425C007D5DA2 /* Project object */;
			proxyType = 1;
			remoteGlobalIDString = 714003592CC7425C007D5DA2;
			remoteInfo = "heartbeatzapp Watch App";
		};
/* End PBXContainerItemProxy section */

/* Begin PBXCopyFilesBuildPhase section */
		7140036D2CC7425E007D5DA2 /* Embed Watch Content */ = {
			isa = PBXCopyFilesBuildPhase;
			buildActionMask = 2147483647;
			dstPath = "$(CONTENTS_FOLDER_PATH)/Watch";
			dstSubfolderSpec = 16;
			files = (
				7140035B2CC7425C007D5DA2 /* heartbeatzapp Watch App.app in Embed Watch Content */,
			);
			name = "Embed Watch Content";
			runOnlyForDeploymentPostprocessing = 0;
		};
/* End PBXCopyFilesBuildPhase section */

/* Begin PBXFileReference section */
		714003542CC7425C007D5DA2 /* heartbeatzapp.app */ = {isa = PBXFileReference; explicitFileType = wrapper.application; includeInIndex = 0; path = heartbeatzapp.app; sourceTree = BUILT_PRODUCTS_DIR; };
		7140035A2CC7425C007D5DA2 /* heartbeatzapp Watch App.app */ = {isa = PBXFileReference; explicitFileType = wrapper.application; includeInIndex = 0; path = "heartbeatzapp Watch App.app"; sourceTree = BUILT_PRODUCTS_DIR; };
		7140035F2CC7425C007D5DA2 /* heartbeatzappApp.swift */ = {isa = PBXFileReference; lastKnownFileType = sourcecode.swift; path = heartbeatzappApp.swift; sourceTree = "<group>"; };
		714003612CC7425C007D5DA2 /* ContentView.swift */ = {isa = PBXFileReference; lastKnownFileType = sourcecode.swift; path = ContentView.swift; sourceTree = "<group>"; };
		714003632CC7425E007D5DA2 /* Assets.xcassets */ = {isa = PBXFileReference; lastKnownFileType = folder.assetcatalog; path = Assets.xcassets; sourceTree = "<group>"; };
		714003662CC7425E007D5DA2 /* Preview Assets.xcassets */ = {isa = PBXFileReference; lastKnownFileType = folder.assetcatalog; path = "Preview Assets.xcassets"; sourceTree = "<group>"; };
		714003712CC742B1007D5DA2 /* heartbeatzapp Watch App.entitlements */ = {isa = PBXFileReference; lastKnownFileType = text.plist.entitlements; path = "heartbeatzapp Watch App.entitlements"; sourceTree = "<group>"; };
		714003772CC74382007D5DA2 /* HealthKitManager.swift */ = {isa = PBXFileReference; lastKnownFileType = sourcecode.swift; path = HealthKitManager.swift; sourceTree = "<group>"; };
		714003792CC743F7007D5DA2 /* HeartRateManager.swift */ = {isa = PBXFileReference; lastKnownFileType = sourcecode.swift; path = HeartRateManager.swift; sourceTree = "<group>"; };
		7140037B2CC74414007D5DA2 /* HeartRateModel.swift */ = {isa = PBXFileReference; lastKnownFileType = sourcecode.swift; path = HeartRateModel.swift; sourceTree = "<group>"; };
		7140037D2CC7442D007D5DA2 /* HeartRateViewModel.swift */ = {isa = PBXFileReference; lastKnownFileType = sourcecode.swift; path = HeartRateViewModel.swift; sourceTree = "<group>"; };
		7140037F2CC7444E007D5DA2 /* HeartRateView.swift */ = {isa = PBXFileReference; lastKnownFileType = sourcecode.swift; path = HeartRateView.swift; sourceTree = "<group>"; };
		71557CFA2CD4050600AE18A1 /* heatbeatziPhone.app */ = {isa = PBXFileReference; explicitFileType = wrapper.application; includeInIndex = 0; path = heatbeatziPhone.app; sourceTree = BUILT_PRODUCTS_DIR; };
		71557CFC2CD4050600AE18A1 /* heatbeatziPhoneApp.swift */ = {isa = PBXFileReference; lastKnownFileType = sourcecode.swift; path = heatbeatziPhoneApp.swift; sourceTree = "<group>"; };
		71557CFE2CD4050600AE18A1 /* ContentView.swift */ = {isa = PBXFileReference; lastKnownFileType = sourcecode.swift; path = ContentView.swift; sourceTree = "<group>"; };
		71557D002CD4050700AE18A1 /* Assets.xcassets */ = {isa = PBXFileReference; lastKnownFileType = folder.assetcatalog; path = Assets.xcassets; sourceTree = "<group>"; };
		71557D032CD4050700AE18A1 /* Preview Assets.xcassets */ = {isa = PBXFileReference; lastKnownFileType = folder.assetcatalog; path = "Preview Assets.xcassets"; sourceTree = "<group>"; };
		71557D162CD40A2400AE18A1 /* heatbeatziPhone.entitlements */ = {isa = PBXFileReference; lastKnownFileType = text.plist.entitlements; path = heatbeatziPhone.entitlements; sourceTree = "<group>"; };
		71557D172CD413BA00AE18A1 /* PhoneSessionDelegate.swift */ = {isa = PBXFileReference; lastKnownFileType = sourcecode.swift; path = PhoneSessionDelegate.swift; sourceTree = "<group>"; };
		71557D1A2CD4146900AE18A1 /* HeartRateView.swift */ = {isa = PBXFileReference; lastKnownFileType = sourcecode.swift; path = HeartRateView.swift; sourceTree = "<group>"; };
		71557D212CD414D300AE18A1 /* HeartRateModel.swift */ = {isa = PBXFileReference; lastKnownFileType = sourcecode.swift; path = HeartRateModel.swift; sourceTree = "<group>"; };
		71557D242CD414F500AE18A1 /* HeartRateManager.swift */ = {isa = PBXFileReference; lastKnownFileType = sourcecode.swift; path = HeartRateManager.swift; sourceTree = "<group>"; };
		71557D262CD4153400AE18A1 /* HeartRateViewModel.swift */ = {isa = PBXFileReference; lastKnownFileType = sourcecode.swift; path = HeartRateViewModel.swift; sourceTree = "<group>"; };
		F45CE0202CD06B9A007C0173 /* Socket.swift */ = {isa = PBXFileReference; lastKnownFileType = sourcecode.swift; path = Socket.swift; sourceTree = "<group>"; };
/* End PBXFileReference section */

/* Begin PBXFrameworksBuildPhase section */
		714003572CC7425C007D5DA2 /* Frameworks */ = {
			isa = PBXFrameworksBuildPhase;
			buildActionMask = 2147483647;
			files = (
				F45CE01F2CD06B5F007C0173 /* SocketIO in Frameworks */,
			);
			runOnlyForDeploymentPostprocessing = 0;
		};
		71557CF72CD4050600AE18A1 /* Frameworks */ = {
			isa = PBXFrameworksBuildPhase;
			buildActionMask = 2147483647;
			files = (
			);
			runOnlyForDeploymentPostprocessing = 0;
		};
/* End PBXFrameworksBuildPhase section */

/* Begin PBXGroup section */
		7140034D2CC7425C007D5DA2 = {
			isa = PBXGroup;
			children = (
				7140035E2CC7425C007D5DA2 /* heartbeatzapp Watch App */,
				71557CFB2CD4050600AE18A1 /* heatbeatziPhone */,
				714003552CC7425C007D5DA2 /* Products */,
			);
			sourceTree = "<group>";
		};
		714003552CC7425C007D5DA2 /* Products */ = {
			isa = PBXGroup;
			children = (
				714003542CC7425C007D5DA2 /* heartbeatzapp.app */,
				7140035A2CC7425C007D5DA2 /* heartbeatzapp Watch App.app */,
				71557CFA2CD4050600AE18A1 /* heatbeatziPhone.app */,
			);
			name = Products;
			sourceTree = "<group>";
		};
		7140035E2CC7425C007D5DA2 /* heartbeatzapp Watch App */ = {
			isa = PBXGroup;
			children = (
				F45CE0202CD06B9A007C0173 /* Socket.swift */,
				714003772CC74382007D5DA2 /* HealthKitManager.swift */,
				714003762CC7434D007D5DA2 /* Views */,
				714003752CC74347007D5DA2 /* ViewModels */,
				714003742CC7433C007D5DA2 /* Models */,
				714003732CC74337007D5DA2 /* Services */,
				714003712CC742B1007D5DA2 /* heartbeatzapp Watch App.entitlements */,
				7140035F2CC7425C007D5DA2 /* heartbeatzappApp.swift */,
				714003612CC7425C007D5DA2 /* ContentView.swift */,
				714003632CC7425E007D5DA2 /* Assets.xcassets */,
				714003652CC7425E007D5DA2 /* Preview Content */,
			);
			path = "heartbeatzapp Watch App";
			sourceTree = "<group>";
		};
		714003652CC7425E007D5DA2 /* Preview Content */ = {
			isa = PBXGroup;
			children = (
				714003662CC7425E007D5DA2 /* Preview Assets.xcassets */,
			);
			path = "Preview Content";
			sourceTree = "<group>";
		};
		714003732CC74337007D5DA2 /* Services */ = {
			isa = PBXGroup;
			children = (
				714003792CC743F7007D5DA2 /* HeartRateManager.swift */,
			);
			path = Services;
			sourceTree = "<group>";
		};
		714003742CC7433C007D5DA2 /* Models */ = {
			isa = PBXGroup;
			children = (
				7140037B2CC74414007D5DA2 /* HeartRateModel.swift */,
			);
			path = Models;
			sourceTree = "<group>";
		};
		714003752CC74347007D5DA2 /* ViewModels */ = {
			isa = PBXGroup;
			children = (
				7140037D2CC7442D007D5DA2 /* HeartRateViewModel.swift */,
			);
			path = ViewModels;
			sourceTree = "<group>";
		};
		714003762CC7434D007D5DA2 /* Views */ = {
			isa = PBXGroup;
			children = (
				7140037F2CC7444E007D5DA2 /* HeartRateView.swift */,
			);
			path = Views;
			sourceTree = "<group>";
		};
		71557CFB2CD4050600AE18A1 /* heatbeatziPhone */ = {
			isa = PBXGroup;
			children = (
				71557D192CD4145B00AE18A1 /* Views */,
				71557D1C2CD4147600AE18A1 /* ViewModels */,
				71557D202CD414C100AE18A1 /* Models */,
				71557D232CD414E700AE18A1 /* Services */,
				71557D162CD40A2400AE18A1 /* heatbeatziPhone.entitlements */,
				71557CFC2CD4050600AE18A1 /* heatbeatziPhoneApp.swift */,
				71557CFE2CD4050600AE18A1 /* ContentView.swift */,
				71557D172CD413BA00AE18A1 /* PhoneSessionDelegate.swift */,
				71557D002CD4050700AE18A1 /* Assets.xcassets */,
				71557D022CD4050700AE18A1 /* Preview Content */,
			);
			path = heatbeatziPhone;
			sourceTree = "<group>";
		};
		71557D022CD4050700AE18A1 /* Preview Content */ = {
			isa = PBXGroup;
			children = (
				71557D032CD4050700AE18A1 /* Preview Assets.xcassets */,
			);
			path = "Preview Content";
			sourceTree = "<group>";
		};
		71557D192CD4145B00AE18A1 /* Views */ = {
			isa = PBXGroup;
			children = (
				71557D1A2CD4146900AE18A1 /* HeartRateView.swift */,
			);
			path = Views;
			sourceTree = "<group>";
		};
		71557D1C2CD4147600AE18A1 /* ViewModels */ = {
			isa = PBXGroup;
			children = (
				71557D262CD4153400AE18A1 /* HeartRateViewModel.swift */,
			);
			path = ViewModels;
			sourceTree = "<group>";
		};
		71557D202CD414C100AE18A1 /* Models */ = {
			isa = PBXGroup;
			children = (
				71557D212CD414D300AE18A1 /* HeartRateModel.swift */,
			);
			path = Models;
			sourceTree = "<group>";
		};
		71557D232CD414E700AE18A1 /* Services */ = {
			isa = PBXGroup;
			children = (
				71557D242CD414F500AE18A1 /* HeartRateManager.swift */,
			);
			path = Services;
			sourceTree = "<group>";
		};
/* End PBXGroup section */

/* Begin PBXNativeTarget section */
		714003532CC7425C007D5DA2 /* heartbeatzapp */ = {
			isa = PBXNativeTarget;
			buildConfigurationList = 7140036E2CC7425E007D5DA2 /* Build configuration list for PBXNativeTarget "heartbeatzapp" */;
			buildPhases = (
				714003522CC7425C007D5DA2 /* Resources */,
				7140036D2CC7425E007D5DA2 /* Embed Watch Content */,
			);
			buildRules = (
			);
			dependencies = (
				7140035D2CC7425C007D5DA2 /* PBXTargetDependency */,
			);
			name = heartbeatzapp;
			productName = heartbeatzapp;
			productReference = 714003542CC7425C007D5DA2 /* heartbeatzapp.app */;
			productType = "com.apple.product-type.application.watchapp2-container";
		};
		714003592CC7425C007D5DA2 /* heartbeatzapp Watch App */ = {
			isa = PBXNativeTarget;
			buildConfigurationList = 7140036A2CC7425E007D5DA2 /* Build configuration list for PBXNativeTarget "heartbeatzapp Watch App" */;
			buildPhases = (
				714003562CC7425C007D5DA2 /* Sources */,
				714003572CC7425C007D5DA2 /* Frameworks */,
				714003582CC7425C007D5DA2 /* Resources */,
			);
			buildRules = (
			);
			dependencies = (
			);
			name = "heartbeatzapp Watch App";
			productName = "heartbeatzapp Watch App";
			productReference = 7140035A2CC7425C007D5DA2 /* heartbeatzapp Watch App.app */;
			productType = "com.apple.product-type.application";
		};
		71557CF92CD4050600AE18A1 /* heatbeatziPhone */ = {
			isa = PBXNativeTarget;
			buildConfigurationList = 71557D072CD4050700AE18A1 /* Build configuration list for PBXNativeTarget "heatbeatziPhone" */;
			buildPhases = (
				71557CF62CD4050600AE18A1 /* Sources */,
				71557CF72CD4050600AE18A1 /* Frameworks */,
				71557CF82CD4050600AE18A1 /* Resources */,
			);
			buildRules = (
			);
			dependencies = (
			);
			name = heatbeatziPhone;
			productName = heatbeatziPhone;
			productReference = 71557CFA2CD4050600AE18A1 /* heatbeatziPhone.app */;
			productType = "com.apple.product-type.application";
		};
/* End PBXNativeTarget section */

/* Begin PBXProject section */
		7140034E2CC7425C007D5DA2 /* Project object */ = {
			isa = PBXProject;
			attributes = {
				BuildIndependentTargetsInParallel = 1;
				LastSwiftUpdateCheck = 1540;
				LastUpgradeCheck = 1540;
				TargetAttributes = {
					714003532CC7425C007D5DA2 = {
						CreatedOnToolsVersion = 15.4;
					};
					714003592CC7425C007D5DA2 = {
						CreatedOnToolsVersion = 15.4;
					};
					71557CF92CD4050600AE18A1 = {
						CreatedOnToolsVersion = 15.4;
					};
				};
			};
			buildConfigurationList = 714003512CC7425C007D5DA2 /* Build configuration list for PBXProject "heartbeatzapp" */;
			compatibilityVersion = "Xcode 14.0";
			developmentRegion = en;
			hasScannedForEncodings = 0;
			knownRegions = (
				en,
				Base,
			);
			mainGroup = 7140034D2CC7425C007D5DA2;
			packageReferences = (
				F45CE01D2CD06B5F007C0173 /* XCRemoteSwiftPackageReference "socket.io-client-swift" */,
			);
			productRefGroup = 714003552CC7425C007D5DA2 /* Products */;
			projectDirPath = "";
			projectRoot = "";
			targets = (
				714003532CC7425C007D5DA2 /* heartbeatzapp */,
				714003592CC7425C007D5DA2 /* heartbeatzapp Watch App */,
				71557CF92CD4050600AE18A1 /* heatbeatziPhone */,
			);
		};
/* End PBXProject section */

/* Begin PBXResourcesBuildPhase section */
		714003522CC7425C007D5DA2 /* Resources */ = {
			isa = PBXResourcesBuildPhase;
			buildActionMask = 2147483647;
			files = (
			);
			runOnlyForDeploymentPostprocessing = 0;
		};
		714003582CC7425C007D5DA2 /* Resources */ = {
			isa = PBXResourcesBuildPhase;
			buildActionMask = 2147483647;
			files = (
				714003672CC7425E007D5DA2 /* Preview Assets.xcassets in Resources */,
				714003642CC7425E007D5DA2 /* Assets.xcassets in Resources */,
			);
			runOnlyForDeploymentPostprocessing = 0;
		};
		71557CF82CD4050600AE18A1 /* Resources */ = {
			isa = PBXResourcesBuildPhase;
			buildActionMask = 2147483647;
			files = (
				71557D042CD4050700AE18A1 /* Preview Assets.xcassets in Resources */,
				71557D012CD4050700AE18A1 /* Assets.xcassets in Resources */,
			);
			runOnlyForDeploymentPostprocessing = 0;
		};
/* End PBXResourcesBuildPhase section */

/* Begin PBXSourcesBuildPhase section */
		714003562CC7425C007D5DA2 /* Sources */ = {
			isa = PBXSourcesBuildPhase;
			buildActionMask = 2147483647;
			files = (
				F45CE0212CD06BA0007C0173 /* Socket.swift in Sources */,
				7140037C2CC74414007D5DA2 /* HeartRateModel.swift in Sources */,
				7140037A2CC743F7007D5DA2 /* HeartRateManager.swift in Sources */,
				714003802CC7444E007D5DA2 /* HeartRateView.swift in Sources */,
				714003622CC7425C007D5DA2 /* ContentView.swift in Sources */,
				7140037E2CC7442D007D5DA2 /* HeartRateViewModel.swift in Sources */,
				714003602CC7425C007D5DA2 /* heartbeatzappApp.swift in Sources */,
				714003782CC74382007D5DA2 /* HealthKitManager.swift in Sources */,
			);
			runOnlyForDeploymentPostprocessing = 0;
		};
		71557CF62CD4050600AE18A1 /* Sources */ = {
			isa = PBXSourcesBuildPhase;
			buildActionMask = 2147483647;
			files = (
				71557CFF2CD4050600AE18A1 /* ContentView.swift in Sources */,
				71557D1B2CD4146900AE18A1 /* HeartRateView.swift in Sources */,
				71557D222CD414D300AE18A1 /* HeartRateModel.swift in Sources */,
				71557D252CD414F500AE18A1 /* HeartRateManager.swift in Sources */,
				71557CFD2CD4050600AE18A1 /* heatbeatziPhoneApp.swift in Sources */,
				71557D182CD413BA00AE18A1 /* PhoneSessionDelegate.swift in Sources */,
				71557D272CD4153400AE18A1 /* HeartRateViewModel.swift in Sources */,
			);
			runOnlyForDeploymentPostprocessing = 0;
		};
/* End PBXSourcesBuildPhase section */

/* Begin PBXTargetDependency section */
		7140035D2CC7425C007D5DA2 /* PBXTargetDependency */ = {
			isa = PBXTargetDependency;
			target = 714003592CC7425C007D5DA2 /* heartbeatzapp Watch App */;
			targetProxy = 7140035C2CC7425C007D5DA2 /* PBXContainerItemProxy */;
		};
/* End PBXTargetDependency section */

/* Begin XCBuildConfiguration section */
		714003682CC7425E007D5DA2 /* Debug */ = {
			isa = XCBuildConfiguration;
			buildSettings = {
				ALWAYS_SEARCH_USER_PATHS = NO;
				ASSETCATALOG_COMPILER_GENERATE_SWIFT_ASSET_SYMBOL_EXTENSIONS = YES;
				CLANG_ANALYZER_NONNULL = YES;
				CLANG_ANALYZER_NUMBER_OBJECT_CONVERSION = YES_AGGRESSIVE;
				CLANG_CXX_LANGUAGE_STANDARD = "gnu++20";
				CLANG_ENABLE_MODULES = YES;
				CLANG_ENABLE_OBJC_ARC = YES;
				CLANG_ENABLE_OBJC_WEAK = YES;
				CLANG_WARN_BLOCK_CAPTURE_AUTORELEASING = YES;
				CLANG_WARN_BOOL_CONVERSION = YES;
				CLANG_WARN_COMMA = YES;
				CLANG_WARN_CONSTANT_CONVERSION = YES;
				CLANG_WARN_DEPRECATED_OBJC_IMPLEMENTATIONS = YES;
				CLANG_WARN_DIRECT_OBJC_ISA_USAGE = YES_ERROR;
				CLANG_WARN_DOCUMENTATION_COMMENTS = YES;
				CLANG_WARN_EMPTY_BODY = YES;
				CLANG_WARN_ENUM_CONVERSION = YES;
				CLANG_WARN_INFINITE_RECURSION = YES;
				CLANG_WARN_INT_CONVERSION = YES;
				CLANG_WARN_NON_LITERAL_NULL_CONVERSION = YES;
				CLANG_WARN_OBJC_IMPLICIT_RETAIN_SELF = YES;
				CLANG_WARN_OBJC_LITERAL_CONVERSION = YES;
				CLANG_WARN_OBJC_ROOT_CLASS = YES_ERROR;
				CLANG_WARN_QUOTED_INCLUDE_IN_FRAMEWORK_HEADER = YES;
				CLANG_WARN_RANGE_LOOP_ANALYSIS = YES;
				CLANG_WARN_STRICT_PROTOTYPES = YES;
				CLANG_WARN_SUSPICIOUS_MOVE = YES;
				CLANG_WARN_UNGUARDED_AVAILABILITY = YES_AGGRESSIVE;
				CLANG_WARN_UNREACHABLE_CODE = YES;
				CLANG_WARN__DUPLICATE_METHOD_MATCH = YES;
				CODE_SIGN_IDENTITY = "Apple Development";
				COPY_PHASE_STRIP = NO;
				DEBUG_INFORMATION_FORMAT = dwarf;
				DEVELOPMENT_TEAM = XC2W6HX5MC;
				ENABLE_STRICT_OBJC_MSGSEND = YES;
				ENABLE_TESTABILITY = YES;
				ENABLE_USER_SCRIPT_SANDBOXING = YES;
				GCC_C_LANGUAGE_STANDARD = gnu17;
				GCC_DYNAMIC_NO_PIC = NO;
				GCC_NO_COMMON_BLOCKS = YES;
				GCC_OPTIMIZATION_LEVEL = 0;
				GCC_PREPROCESSOR_DEFINITIONS = (
					"DEBUG=1",
					"$(inherited)",
				);
				GCC_WARN_64_TO_32_BIT_CONVERSION = YES;
				GCC_WARN_ABOUT_RETURN_TYPE = YES_ERROR;
				GCC_WARN_UNDECLARED_SELECTOR = YES;
				GCC_WARN_UNINITIALIZED_AUTOS = YES_AGGRESSIVE;
				GCC_WARN_UNUSED_FUNCTION = YES;
				GCC_WARN_UNUSED_VARIABLE = YES;
				LOCALIZATION_PREFERS_STRING_CATALOGS = YES;
				MTL_ENABLE_DEBUG_INFO = INCLUDE_SOURCE;
				MTL_FAST_MATH = YES;
				ONLY_ACTIVE_ARCH = YES;
				SWIFT_ACTIVE_COMPILATION_CONDITIONS = "DEBUG $(inherited)";
				SWIFT_OPTIMIZATION_LEVEL = "-Onone";
				TARGETED_DEVICE_FAMILY = "";
			};
			name = Debug;
		};
		714003692CC7425E007D5DA2 /* Release */ = {
			isa = XCBuildConfiguration;
			buildSettings = {
				ALWAYS_SEARCH_USER_PATHS = NO;
				ASSETCATALOG_COMPILER_GENERATE_SWIFT_ASSET_SYMBOL_EXTENSIONS = YES;
				CLANG_ANALYZER_NONNULL = YES;
				CLANG_ANALYZER_NUMBER_OBJECT_CONVERSION = YES_AGGRESSIVE;
				CLANG_CXX_LANGUAGE_STANDARD = "gnu++20";
				CLANG_ENABLE_MODULES = YES;
				CLANG_ENABLE_OBJC_ARC = YES;
				CLANG_ENABLE_OBJC_WEAK = YES;
				CLANG_WARN_BLOCK_CAPTURE_AUTORELEASING = YES;
				CLANG_WARN_BOOL_CONVERSION = YES;
				CLANG_WARN_COMMA = YES;
				CLANG_WARN_CONSTANT_CONVERSION = YES;
				CLANG_WARN_DEPRECATED_OBJC_IMPLEMENTATIONS = YES;
				CLANG_WARN_DIRECT_OBJC_ISA_USAGE = YES_ERROR;
				CLANG_WARN_DOCUMENTATION_COMMENTS = YES;
				CLANG_WARN_EMPTY_BODY = YES;
				CLANG_WARN_ENUM_CONVERSION = YES;
				CLANG_WARN_INFINITE_RECURSION = YES;
				CLANG_WARN_INT_CONVERSION = YES;
				CLANG_WARN_NON_LITERAL_NULL_CONVERSION = YES;
				CLANG_WARN_OBJC_IMPLICIT_RETAIN_SELF = YES;
				CLANG_WARN_OBJC_LITERAL_CONVERSION = YES;
				CLANG_WARN_OBJC_ROOT_CLASS = YES_ERROR;
				CLANG_WARN_QUOTED_INCLUDE_IN_FRAMEWORK_HEADER = YES;
				CLANG_WARN_RANGE_LOOP_ANALYSIS = YES;
				CLANG_WARN_STRICT_PROTOTYPES = YES;
				CLANG_WARN_SUSPICIOUS_MOVE = YES;
				CLANG_WARN_UNGUARDED_AVAILABILITY = YES_AGGRESSIVE;
				CLANG_WARN_UNREACHABLE_CODE = YES;
				CLANG_WARN__DUPLICATE_METHOD_MATCH = YES;
				CODE_SIGN_IDENTITY = "Apple Development";
				COPY_PHASE_STRIP = NO;
				DEBUG_INFORMATION_FORMAT = "dwarf-with-dsym";
				DEVELOPMENT_TEAM = XC2W6HX5MC;
				ENABLE_NS_ASSERTIONS = NO;
				ENABLE_STRICT_OBJC_MSGSEND = YES;
				ENABLE_USER_SCRIPT_SANDBOXING = YES;
				GCC_C_LANGUAGE_STANDARD = gnu17;
				GCC_NO_COMMON_BLOCKS = YES;
				GCC_WARN_64_TO_32_BIT_CONVERSION = YES;
				GCC_WARN_ABOUT_RETURN_TYPE = YES_ERROR;
				GCC_WARN_UNDECLARED_SELECTOR = YES;
				GCC_WARN_UNINITIALIZED_AUTOS = YES_AGGRESSIVE;
				GCC_WARN_UNUSED_FUNCTION = YES;
				GCC_WARN_UNUSED_VARIABLE = YES;
				LOCALIZATION_PREFERS_STRING_CATALOGS = YES;
				MTL_ENABLE_DEBUG_INFO = NO;
				MTL_FAST_MATH = YES;
				SWIFT_COMPILATION_MODE = wholemodule;
				TARGETED_DEVICE_FAMILY = "";
			};
			name = Release;
		};
		7140036B2CC7425E007D5DA2 /* Debug */ = {
			isa = XCBuildConfiguration;
			buildSettings = {
				ASSETCATALOG_COMPILER_APPICON_NAME = AppIcon;
				ASSETCATALOG_COMPILER_GLOBAL_ACCENT_COLOR_NAME = AccentColor;
				CODE_SIGN_ENTITLEMENTS = "heartbeatzapp Watch App/heartbeatzapp Watch App.entitlements";
				CODE_SIGN_STYLE = Automatic;
				CURRENT_PROJECT_VERSION = 1;
				DEVELOPMENT_ASSET_PATHS = "\"heartbeatzapp Watch App/Preview Content\"";
				DEVELOPMENT_TEAM = S3VLG2UUJ2;
				ENABLE_PREVIEWS = YES;
				GENERATE_INFOPLIST_FILE = YES;
				INFOPLIST_FILE = "heartbeatzapp-Watch-App-Info.plist";
				INFOPLIST_KEY_CFBundleDisplayName = heartbeatzapp;
				INFOPLIST_KEY_NSHealthShareUsageDescription = "This app needs access to your health data";
				INFOPLIST_KEY_NSHealthUpdateUsageDescription = "This app needs to write to your health data";
				INFOPLIST_KEY_UISupportedInterfaceOrientations = "UIInterfaceOrientationPortrait UIInterfaceOrientationPortraitUpsideDown";
				INFOPLIST_KEY_WKWatchOnly = YES;
				LD_RUNPATH_SEARCH_PATHS = (
					"$(inherited)",
					"@executable_path/Frameworks",
				);
				MARKETING_VERSION = 1.0;
				PRODUCT_BUNDLE_IDENTIFIER = heartbeatzapp.watchkitapp;
				PRODUCT_NAME = "$(TARGET_NAME)";
				SDKROOT = watchos;
				SKIP_INSTALL = YES;
				SWIFT_EMIT_LOC_STRINGS = YES;
				SWIFT_VERSION = 5.0;
				TARGETED_DEVICE_FAMILY = 4;
				WATCHOS_DEPLOYMENT_TARGET = 10.5;
			};
			name = Debug;
		};
		7140036C2CC7425E007D5DA2 /* Release */ = {
			isa = XCBuildConfiguration;
			buildSettings = {
				ASSETCATALOG_COMPILER_APPICON_NAME = AppIcon;
				ASSETCATALOG_COMPILER_GLOBAL_ACCENT_COLOR_NAME = AccentColor;
				CODE_SIGN_ENTITLEMENTS = "heartbeatzapp Watch App/heartbeatzapp Watch App.entitlements";
				CODE_SIGN_STYLE = Automatic;
				CURRENT_PROJECT_VERSION = 1;
				DEVELOPMENT_ASSET_PATHS = "\"heartbeatzapp Watch App/Preview Content\"";
				DEVELOPMENT_TEAM = S3VLG2UUJ2;
				ENABLE_PREVIEWS = YES;
				GENERATE_INFOPLIST_FILE = YES;
				INFOPLIST_FILE = "heartbeatzapp-Watch-App-Info.plist";
				INFOPLIST_KEY_CFBundleDisplayName = heartbeatzapp;
				INFOPLIST_KEY_NSHealthShareUsageDescription = "This app needs access to your health data";
				INFOPLIST_KEY_NSHealthUpdateUsageDescription = "This app needs to write to your health data";
				INFOPLIST_KEY_UISupportedInterfaceOrientations = "UIInterfaceOrientationPortrait UIInterfaceOrientationPortraitUpsideDown";
				INFOPLIST_KEY_WKWatchOnly = YES;
				LD_RUNPATH_SEARCH_PATHS = (
					"$(inherited)",
					"@executable_path/Frameworks",
				);
				MARKETING_VERSION = 1.0;
				PRODUCT_BUNDLE_IDENTIFIER = heartbeatzapp.watchkitapp;
				PRODUCT_NAME = "$(TARGET_NAME)";
				SDKROOT = watchos;
				SKIP_INSTALL = YES;
				SWIFT_EMIT_LOC_STRINGS = YES;
				SWIFT_VERSION = 5.0;
				TARGETED_DEVICE_FAMILY = 4;
				VALIDATE_PRODUCT = YES;
				WATCHOS_DEPLOYMENT_TARGET = 10.5;
			};
			name = Release;
		};
		7140036F2CC7425E007D5DA2 /* Debug */ = {
			isa = XCBuildConfiguration;
			buildSettings = {
				ALWAYS_EMBED_SWIFT_STANDARD_LIBRARIES = YES;
				CODE_SIGN_STYLE = Automatic;
				CURRENT_PROJECT_VERSION = 1;
				DEVELOPMENT_TEAM = XC2W6HX5MC;
				INFOPLIST_KEY_CFBundleDisplayName = heartbeatzapp;
				MARKETING_VERSION = 1.0;
				PRODUCT_BUNDLE_IDENTIFIER = com.myorganization.heartbeatzapp;
				PRODUCT_NAME = "$(TARGET_NAME)";
				SDKROOT = iphoneos;
				SWIFT_VERSION = 5.0;
			};
			name = Debug;
		};
		714003702CC7425E007D5DA2 /* Release */ = {
			isa = XCBuildConfiguration;
			buildSettings = {
				ALWAYS_EMBED_SWIFT_STANDARD_LIBRARIES = YES;
				CODE_SIGN_STYLE = Automatic;
				CURRENT_PROJECT_VERSION = 1;
				DEVELOPMENT_TEAM = XC2W6HX5MC;
				INFOPLIST_KEY_CFBundleDisplayName = heartbeatzapp;
				MARKETING_VERSION = 1.0;
				PRODUCT_BUNDLE_IDENTIFIER = com.myorganization.heartbeatzapp;
				PRODUCT_NAME = "$(TARGET_NAME)";
				SDKROOT = iphoneos;
				SWIFT_VERSION = 5.0;
				VALIDATE_PRODUCT = YES;
			};
			name = Release;
		};
		71557D052CD4050700AE18A1 /* Debug */ = {
			isa = XCBuildConfiguration;
			buildSettings = {
				ASSETCATALOG_COMPILER_APPICON_NAME = AppIcon;
				ASSETCATALOG_COMPILER_GLOBAL_ACCENT_COLOR_NAME = AccentColor;
				CODE_SIGN_ENTITLEMENTS = heatbeatziPhone/heatbeatziPhone.entitlements;
				CODE_SIGN_STYLE = Automatic;
				CURRENT_PROJECT_VERSION = 1;
				DEVELOPMENT_ASSET_PATHS = "\"heatbeatziPhone/Preview Content\"";
				DEVELOPMENT_TEAM = S3VLG2UUJ2;
				ENABLE_PREVIEWS = YES;
				GENERATE_INFOPLIST_FILE = YES;
				INFOPLIST_KEY_NSHealthShareUsageDescription = "for sharing health data";
				INFOPLIST_KEY_NSHealthUpdateUsageDescription = "for updating health data";
				INFOPLIST_KEY_UIApplicationSceneManifest_Generation = YES;
				INFOPLIST_KEY_UIApplicationSupportsIndirectInputEvents = YES;
				INFOPLIST_KEY_UILaunchScreen_Generation = YES;
				INFOPLIST_KEY_UISupportedInterfaceOrientations_iPad = "UIInterfaceOrientationPortrait UIInterfaceOrientationPortraitUpsideDown UIInterfaceOrientationLandscapeLeft UIInterfaceOrientationLandscapeRight";
				INFOPLIST_KEY_UISupportedInterfaceOrientations_iPhone = "UIInterfaceOrientationPortrait UIInterfaceOrientationLandscapeLeft UIInterfaceOrientationLandscapeRight";
				IPHONEOS_DEPLOYMENT_TARGET = 17.5;
				LD_RUNPATH_SEARCH_PATHS = (
					"$(inherited)",
					"@executable_path/Frameworks",
				);
				MARKETING_VERSION = 1.0;
				PRODUCT_BUNDLE_IDENTIFIER = com.myorganization.heatbeatziPhone;
				PRODUCT_NAME = "$(TARGET_NAME)";
				SDKROOT = iphoneos;
				SWIFT_EMIT_LOC_STRINGS = YES;
				SWIFT_VERSION = 5.0;
				TARGETED_DEVICE_FAMILY = "1,2";
			};
			name = Debug;
		};
		71557D062CD4050700AE18A1 /* Release */ = {
			isa = XCBuildConfiguration;
			buildSettings = {
				ASSETCATALOG_COMPILER_APPICON_NAME = AppIcon;
				ASSETCATALOG_COMPILER_GLOBAL_ACCENT_COLOR_NAME = AccentColor;
				CODE_SIGN_ENTITLEMENTS = heatbeatziPhone/heatbeatziPhone.entitlements;
				CODE_SIGN_STYLE = Automatic;
				CURRENT_PROJECT_VERSION = 1;
				DEVELOPMENT_ASSET_PATHS = "\"heatbeatziPhone/Preview Content\"";
				DEVELOPMENT_TEAM = S3VLG2UUJ2;
				ENABLE_PREVIEWS = YES;
				GENERATE_INFOPLIST_FILE = YES;
				INFOPLIST_KEY_NSHealthShareUsageDescription = "for sharing health data";
				INFOPLIST_KEY_NSHealthUpdateUsageDescription = "for updating health data";
				INFOPLIST_KEY_UIApplicationSceneManifest_Generation = YES;
				INFOPLIST_KEY_UIApplicationSupportsIndirectInputEvents = YES;
				INFOPLIST_KEY_UILaunchScreen_Generation = YES;
				INFOPLIST_KEY_UISupportedInterfaceOrientations_iPad = "UIInterfaceOrientationPortrait UIInterfaceOrientationPortraitUpsideDown UIInterfaceOrientationLandscapeLeft UIInterfaceOrientationLandscapeRight";
				INFOPLIST_KEY_UISupportedInterfaceOrientations_iPhone = "UIInterfaceOrientationPortrait UIInterfaceOrientationLandscapeLeft UIInterfaceOrientationLandscapeRight";
				IPHONEOS_DEPLOYMENT_TARGET = 17.5;
				LD_RUNPATH_SEARCH_PATHS = (
					"$(inherited)",
					"@executable_path/Frameworks",
				);
				MARKETING_VERSION = 1.0;
				PRODUCT_BUNDLE_IDENTIFIER = com.myorganization.heatbeatziPhone;
				PRODUCT_NAME = "$(TARGET_NAME)";
				SDKROOT = iphoneos;
				SWIFT_EMIT_LOC_STRINGS = YES;
				SWIFT_VERSION = 5.0;
				TARGETED_DEVICE_FAMILY = "1,2";
				VALIDATE_PRODUCT = YES;
			};
			name = Release;
		};
/* End XCBuildConfiguration section */

/* Begin XCConfigurationList section */
		714003512CC7425C007D5DA2 /* Build configuration list for PBXProject "heartbeatzapp" */ = {
			isa = XCConfigurationList;
			buildConfigurations = (
				714003682CC7425E007D5DA2 /* Debug */,
				714003692CC7425E007D5DA2 /* Release */,
			);
			defaultConfigurationIsVisible = 0;
			defaultConfigurationName = Release;
		};
		7140036A2CC7425E007D5DA2 /* Build configuration list for PBXNativeTarget "heartbeatzapp Watch App" */ = {
			isa = XCConfigurationList;
			buildConfigurations = (
				7140036B2CC7425E007D5DA2 /* Debug */,
				7140036C2CC7425E007D5DA2 /* Release */,
			);
			defaultConfigurationIsVisible = 0;
			defaultConfigurationName = Release;
		};
		7140036E2CC7425E007D5DA2 /* Build configuration list for PBXNativeTarget "heartbeatzapp" */ = {
			isa = XCConfigurationList;
			buildConfigurations = (
				7140036F2CC7425E007D5DA2 /* Debug */,
				714003702CC7425E007D5DA2 /* Release */,
			);
			defaultConfigurationIsVisible = 0;
			defaultConfigurationName = Release;
		};
		71557D072CD4050700AE18A1 /* Build configuration list for PBXNativeTarget "heatbeatziPhone" */ = {
			isa = XCConfigurationList;
			buildConfigurations = (
				71557D052CD4050700AE18A1 /* Debug */,
				71557D062CD4050700AE18A1 /* Release */,
			);
			defaultConfigurationIsVisible = 0;
			defaultConfigurationName = Release;
		};
/* End XCConfigurationList section */

/* Begin XCRemoteSwiftPackageReference section */
		F45CE01D2CD06B5F007C0173 /* XCRemoteSwiftPackageReference "socket.io-client-swift" */ = {
			isa = XCRemoteSwiftPackageReference;
			repositoryURL = "https://github.com/socketio/socket.io-client-swift.git";
			requirement = {
				branch = master;
				kind = branch;
			};
		};
/* End XCRemoteSwiftPackageReference section */

/* Begin XCSwiftPackageProductDependency section */
		F45CE01E2CD06B5F007C0173 /* SocketIO */ = {
			isa = XCSwiftPackageProductDependency;
			package = F45CE01D2CD06B5F007C0173 /* XCRemoteSwiftPackageReference "socket.io-client-swift" */;
			productName = SocketIO;
		};
/* End XCSwiftPackageProductDependency section */
	};
	rootObject = 7140034E2CC7425C007D5DA2 /* Project object */;
}
